// !$*UTF8*$!
{
	archiveVersion = 1;
	classes = {
	};
	objectVersion = 55;
	objects = {

/* Begin PBXBuildFile section */
		2751EF772706E66900AE1D00 /* AppDelegate.swift in Sources */ = {isa = PBXBuildFile; fileRef = 2751EF762706E66900AE1D00 /* AppDelegate.swift */; };
		2751EF792706E66900AE1D00 /* SceneDelegate.swift in Sources */ = {isa = PBXBuildFile; fileRef = 2751EF782706E66900AE1D00 /* SceneDelegate.swift */; };
		2751EF7C2706E66900AE1D00 /* LaunchScreen.storyboard in Resources */ = {isa = PBXBuildFile; fileRef = 2751EF7A2706E66900AE1D00 /* LaunchScreen.storyboard */; };
		2751EF7F2706E66900AE1D00 /* Main.storyboard in Resources */ = {isa = PBXBuildFile; fileRef = 2751EF7D2706E66900AE1D00 /* Main.storyboard */; };
		2751EF882706E66900AE1D00 /* AppDelegate.swift in Sources */ = {isa = PBXBuildFile; fileRef = 2751EF872706E66900AE1D00 /* AppDelegate.swift */; };
		2751EF8B2706E66900AE1D00 /* Main.storyboard in Resources */ = {isa = PBXBuildFile; fileRef = 2751EF892706E66900AE1D00 /* Main.storyboard */; };
		2751EF932706E66900AE1D00 /* Video Speed Controller Extension.appex in Embed App Extensions */ = {isa = PBXBuildFile; fileRef = 2751EF922706E66900AE1D00 /* Video Speed Controller Extension.appex */; settings = {ATTRIBUTES = (RemoveHeadersOnCopy, ); }; };
		2751EF9D2706E66900AE1D00 /* Video Speed Controller Extension.appex in Embed App Extensions */ = {isa = PBXBuildFile; fileRef = 2751EF9C2706E66900AE1D00 /* Video Speed Controller Extension.appex */; settings = {ATTRIBUTES = (RemoveHeadersOnCopy, ); }; };
		2751EFA22706E66900AE1D00 /* Main.html in Resources */ = {isa = PBXBuildFile; fileRef = 2751EF662706E66800AE1D00 /* Main.html */; };
		2751EFA32706E66900AE1D00 /* Main.html in Resources */ = {isa = PBXBuildFile; fileRef = 2751EF662706E66800AE1D00 /* Main.html */; };
		2751EFA42706E66900AE1D00 /* Icon.png in Resources */ = {isa = PBXBuildFile; fileRef = 2751EF682706E66800AE1D00 /* Icon.png */; };
		2751EFA52706E66900AE1D00 /* Icon.png in Resources */ = {isa = PBXBuildFile; fileRef = 2751EF682706E66800AE1D00 /* Icon.png */; };
		2751EFA62706E66900AE1D00 /* Style.css in Resources */ = {isa = PBXBuildFile; fileRef = 2751EF692706E66800AE1D00 /* Style.css */; };
		2751EFA72706E66900AE1D00 /* Style.css in Resources */ = {isa = PBXBuildFile; fileRef = 2751EF692706E66800AE1D00 /* Style.css */; };
		2751EFA82706E66900AE1D00 /* Script.js in Resources */ = {isa = PBXBuildFile; fileRef = 2751EF6A2706E66800AE1D00 /* Script.js */; };
		2751EFA92706E66900AE1D00 /* Script.js in Resources */ = {isa = PBXBuildFile; fileRef = 2751EF6A2706E66800AE1D00 /* Script.js */; };
		2751EFAA2706E66900AE1D00 /* ViewController.swift in Sources */ = {isa = PBXBuildFile; fileRef = 2751EF6B2706E66800AE1D00 /* ViewController.swift */; };
		2751EFAB2706E66900AE1D00 /* ViewController.swift in Sources */ = {isa = PBXBuildFile; fileRef = 2751EF6B2706E66800AE1D00 /* ViewController.swift */; };
		2751EFAC2706E66900AE1D00 /* Assets.xcassets in Resources */ = {isa = PBXBuildFile; fileRef = 2751EF6C2706E66900AE1D00 /* Assets.xcassets */; };
		2751EFAD2706E66900AE1D00 /* Assets.xcassets in Resources */ = {isa = PBXBuildFile; fileRef = 2751EF6C2706E66900AE1D00 /* Assets.xcassets */; };
		2751EFAE2706E66900AE1D00 /* SafariWebExtensionHandler.swift in Sources */ = {isa = PBXBuildFile; fileRef = 2751EF6E2706E66900AE1D00 /* SafariWebExtensionHandler.swift */; };
		2751EFAF2706E66900AE1D00 /* SafariWebExtensionHandler.swift in Sources */ = {isa = PBXBuildFile; fileRef = 2751EF6E2706E66900AE1D00 /* SafariWebExtensionHandler.swift */; };
		2751EFCF2706E66900AE1D00 /* popup.js in Resources */ = {isa = PBXBuildFile; fileRef = 2751EFC12706E66900AE1D00 /* popup.js */; };
		2751EFD02706E66900AE1D00 /* inject.css in Resources */ = {isa = PBXBuildFile; fileRef = 2751EFC22706E66900AE1D00 /* inject.css */; };
		2751EFD12706E66900AE1D00 /* popup.html in Resources */ = {isa = PBXBuildFile; fileRef = 2751EFC32706E66900AE1D00 /* popup.html */; };
		2751EFD22706E66900AE1D00 /* options.js in Resources */ = {isa = PBXBuildFile; fileRef = 2751EFC42706E66900AE1D00 /* options.js */; };
		2751EFD32706E66900AE1D00 /* README.md in Resources */ = {isa = PBXBuildFile; fileRef = 2751EFC52706E66900AE1D00 /* README.md */; };
		2751EFD42706E66900AE1D00 /* shadow.css in Resources */ = {isa = PBXBuildFile; fileRef = 2751EFC62706E66900AE1D00 /* shadow.css */; };
		2751EFD52706E66900AE1D00 /* CONTRIBUTING.md in Resources */ = {isa = PBXBuildFile; fileRef = 2751EFC72706E66900AE1D00 /* CONTRIBUTING.md */; };
		2751EFD62706E66900AE1D00 /* icons in Resources */ = {isa = PBXBuildFile; fileRef = 2751EFC82706E66900AE1D00 /* icons */; };
		2751EFD72706E66900AE1D00 /* manifest.json in Resources */ = {isa = PBXBuildFile; fileRef = 2751EFC92706E66900AE1D00 /* manifest.json */; };
		2751EFD82706E66900AE1D00 /* options.html in Resources */ = {isa = PBXBuildFile; fileRef = 2751EFCA2706E66900AE1D00 /* options.html */; };
		2751EFDA2706E66900AE1D00 /* inject.js in Resources */ = {isa = PBXBuildFile; fileRef = 2751EFCC2706E66900AE1D00 /* inject.js */; };
		2751EFDB2706E66900AE1D00 /* popup.css in Resources */ = {isa = PBXBuildFile; fileRef = 2751EFCD2706E66900AE1D00 /* popup.css */; };
		2751EFDC2706E66900AE1D00 /* options.css in Resources */ = {isa = PBXBuildFile; fileRef = 2751EFCE2706E66900AE1D00 /* options.css */; };
		2751EFDD2706E66900AE1D00 /* popup.js in Resources */ = {isa = PBXBuildFile; fileRef = 2751EFC12706E66900AE1D00 /* popup.js */; };
		2751EFDE2706E66900AE1D00 /* inject.css in Resources */ = {isa = PBXBuildFile; fileRef = 2751EFC22706E66900AE1D00 /* inject.css */; };
		2751EFDF2706E66900AE1D00 /* popup.html in Resources */ = {isa = PBXBuildFile; fileRef = 2751EFC32706E66900AE1D00 /* popup.html */; };
		2751EFE02706E66900AE1D00 /* options.js in Resources */ = {isa = PBXBuildFile; fileRef = 2751EFC42706E66900AE1D00 /* options.js */; };
		2751EFE12706E66900AE1D00 /* README.md in Resources */ = {isa = PBXBuildFile; fileRef = 2751EFC52706E66900AE1D00 /* README.md */; };
		2751EFE22706E66900AE1D00 /* shadow.css in Resources */ = {isa = PBXBuildFile; fileRef = 2751EFC62706E66900AE1D00 /* shadow.css */; };
		2751EFE32706E66900AE1D00 /* CONTRIBUTING.md in Resources */ = {isa = PBXBuildFile; fileRef = 2751EFC72706E66900AE1D00 /* CONTRIBUTING.md */; };
		2751EFE42706E66900AE1D00 /* icons in Resources */ = {isa = PBXBuildFile; fileRef = 2751EFC82706E66900AE1D00 /* icons */; };
		2751EFE52706E66900AE1D00 /* manifest.json in Resources */ = {isa = PBXBuildFile; fileRef = 2751EFC92706E66900AE1D00 /* manifest.json */; };
		2751EFE62706E66900AE1D00 /* options.html in Resources */ = {isa = PBXBuildFile; fileRef = 2751EFCA2706E66900AE1D00 /* options.html */; };
		2751EFE82706E66900AE1D00 /* inject.js in Resources */ = {isa = PBXBuildFile; fileRef = 2751EFCC2706E66900AE1D00 /* inject.js */; };
		2751EFE92706E66900AE1D00 /* popup.css in Resources */ = {isa = PBXBuildFile; fileRef = 2751EFCD2706E66900AE1D00 /* popup.css */; };
		2751EFEA2706E66900AE1D00 /* options.css in Resources */ = {isa = PBXBuildFile; fileRef = 2751EFCE2706E66900AE1D00 /* options.css */; };
/* End PBXBuildFile section */

/* Begin PBXContainerItemProxy section */
		2751EF942706E66900AE1D00 /* PBXContainerItemProxy */ = {
			isa = PBXContainerItemProxy;
			containerPortal = 2751EF602706E66800AE1D00 /* Project object */;
			proxyType = 1;
			remoteGlobalIDString = 2751EF912706E66900AE1D00;
			remoteInfo = "Video Speed Controller Extension (iOS)";
		};
		2751EF9E2706E66900AE1D00 /* PBXContainerItemProxy */ = {
			isa = PBXContainerItemProxy;
			containerPortal = 2751EF602706E66800AE1D00 /* Project object */;
			proxyType = 1;
			remoteGlobalIDString = 2751EF9B2706E66900AE1D00;
			remoteInfo = "Video Speed Controller Extension (macOS)";
		};
/* End PBXContainerItemProxy section */

/* Begin PBXCopyFilesBuildPhase section */
		2751EFB52706E66900AE1D00 /* Embed App Extensions */ = {
			isa = PBXCopyFilesBuildPhase;
			buildActionMask = 2147483647;
			dstPath = "";
			dstSubfolderSpec = 13;
			files = (
				2751EF932706E66900AE1D00 /* Video Speed Controller Extension.appex in Embed App Extensions */,
			);
			name = "Embed App Extensions";
			runOnlyForDeploymentPostprocessing = 0;
		};
		2751EFBC2706E66900AE1D00 /* Embed App Extensions */ = {
			isa = PBXCopyFilesBuildPhase;
			buildActionMask = 2147483647;
			dstPath = "";
			dstSubfolderSpec = 13;
			files = (
				2751EF9D2706E66900AE1D00 /* Video Speed Controller Extension.appex in Embed App Extensions */,
			);
			name = "Embed App Extensions";
			runOnlyForDeploymentPostprocessing = 0;
		};
/* End PBXCopyFilesBuildPhase section */

/* Begin PBXFileReference section */
		2751EF672706E66800AE1D00 /* Base */ = {isa = PBXFileReference; lastKnownFileType = text.html; name = Base; path = ../Base.lproj/Main.html; sourceTree = "<group>"; };
		2751EF682706E66800AE1D00 /* Icon.png */ = {isa = PBXFileReference; lastKnownFileType = image.png; path = Icon.png; sourceTree = "<group>"; };
		2751EF692706E66800AE1D00 /* Style.css */ = {isa = PBXFileReference; lastKnownFileType = text.css; path = Style.css; sourceTree = "<group>"; };
		2751EF6A2706E66800AE1D00 /* Script.js */ = {isa = PBXFileReference; lastKnownFileType = sourcecode.javascript; path = Script.js; sourceTree = "<group>"; };
		2751EF6B2706E66800AE1D00 /* ViewController.swift */ = {isa = PBXFileReference; lastKnownFileType = sourcecode.swift; path = ViewController.swift; sourceTree = "<group>"; };
		2751EF6C2706E66900AE1D00 /* Assets.xcassets */ = {isa = PBXFileReference; lastKnownFileType = folder.assetcatalog; path = Assets.xcassets; sourceTree = "<group>"; };
		2751EF6E2706E66900AE1D00 /* SafariWebExtensionHandler.swift */ = {isa = PBXFileReference; lastKnownFileType = sourcecode.swift; path = SafariWebExtensionHandler.swift; sourceTree = "<group>"; };
		2751EF732706E66900AE1D00 /* Video Speed Controller.app */ = {isa = PBXFileReference; explicitFileType = wrapper.application; includeInIndex = 0; path = "Video Speed Controller.app"; sourceTree = BUILT_PRODUCTS_DIR; };
		2751EF762706E66900AE1D00 /* AppDelegate.swift */ = {isa = PBXFileReference; lastKnownFileType = sourcecode.swift; path = AppDelegate.swift; sourceTree = "<group>"; };
		2751EF782706E66900AE1D00 /* SceneDelegate.swift */ = {isa = PBXFileReference; lastKnownFileType = sourcecode.swift; path = SceneDelegate.swift; sourceTree = "<group>"; };
		2751EF7B2706E66900AE1D00 /* Base */ = {isa = PBXFileReference; lastKnownFileType = file.storyboard; name = Base; path = Base.lproj/LaunchScreen.storyboard; sourceTree = "<group>"; };
		2751EF7E2706E66900AE1D00 /* Base */ = {isa = PBXFileReference; lastKnownFileType = file.storyboard; name = Base; path = Base.lproj/Main.storyboard; sourceTree = "<group>"; };
		2751EF802706E66900AE1D00 /* Info.plist */ = {isa = PBXFileReference; lastKnownFileType = text.plist.xml; path = Info.plist; sourceTree = "<group>"; };
		2751EF852706E66900AE1D00 /* Video Speed Controller.app */ = {isa = PBXFileReference; explicitFileType = wrapper.application; includeInIndex = 0; path = "Video Speed Controller.app"; sourceTree = BUILT_PRODUCTS_DIR; };
		2751EF872706E66900AE1D00 /* AppDelegate.swift */ = {isa = PBXFileReference; lastKnownFileType = sourcecode.swift; path = AppDelegate.swift; sourceTree = "<group>"; };
		2751EF8A2706E66900AE1D00 /* Base */ = {isa = PBXFileReference; lastKnownFileType = file.storyboard; name = Base; path = Base.lproj/Main.storyboard; sourceTree = "<group>"; };
		2751EF8C2706E66900AE1D00 /* Info.plist */ = {isa = PBXFileReference; lastKnownFileType = text.plist.xml; path = Info.plist; sourceTree = "<group>"; };
		2751EF8D2706E66900AE1D00 /* Video Speed Controller.entitlements */ = {isa = PBXFileReference; lastKnownFileType = text.plist.entitlements; path = "Video Speed Controller.entitlements"; sourceTree = "<group>"; };
		2751EF922706E66900AE1D00 /* Video Speed Controller Extension.appex */ = {isa = PBXFileReference; explicitFileType = "wrapper.app-extension"; includeInIndex = 0; path = "Video Speed Controller Extension.appex"; sourceTree = BUILT_PRODUCTS_DIR; };
		2751EF972706E66900AE1D00 /* Info.plist */ = {isa = PBXFileReference; lastKnownFileType = text.plist.xml; path = Info.plist; sourceTree = "<group>"; };
		2751EF9C2706E66900AE1D00 /* Video Speed Controller Extension.appex */ = {isa = PBXFileReference; explicitFileType = "wrapper.app-extension"; includeInIndex = 0; path = "Video Speed Controller Extension.appex"; sourceTree = BUILT_PRODUCTS_DIR; };
		2751EFA12706E66900AE1D00 /* Info.plist */ = {isa = PBXFileReference; lastKnownFileType = text.plist.xml; path = Info.plist; sourceTree = "<group>"; };
		2751EFC12706E66900AE1D00 /* popup.js */ = {isa = PBXFileReference; lastKnownFileType = sourcecode.javascript; name = popup.js; path = ../../popup.js; sourceTree = "<group>"; };
		2751EFC22706E66900AE1D00 /* inject.css */ = {isa = PBXFileReference; lastKnownFileType = text.css; name = inject.css; path = ../../inject.css; sourceTree = "<group>"; };
		2751EFC32706E66900AE1D00 /* popup.html */ = {isa = PBXFileReference; lastKnownFileType = text.html; name = popup.html; path = ../../popup.html; sourceTree = "<group>"; };
		2751EFC42706E66900AE1D00 /* options.js */ = {isa = PBXFileReference; lastKnownFileType = sourcecode.javascript; name = options.js; path = ../../options.js; sourceTree = "<group>"; };
		2751EFC52706E66900AE1D00 /* README.md */ = {isa = PBXFileReference; lastKnownFileType = net.daringfireball.markdown; name = README.md; path = ../../README.md; sourceTree = "<group>"; };
		2751EFC62706E66900AE1D00 /* shadow.css */ = {isa = PBXFileReference; lastKnownFileType = text.css; name = shadow.css; path = ../../shadow.css; sourceTree = "<group>"; };
		2751EFC72706E66900AE1D00 /* CONTRIBUTING.md */ = {isa = PBXFileReference; lastKnownFileType = net.daringfireball.markdown; name = CONTRIBUTING.md; path = ../../CONTRIBUTING.md; sourceTree = "<group>"; };
		2751EFC82706E66900AE1D00 /* icons */ = {isa = PBXFileReference; lastKnownFileType = folder; name = icons; path = ../../icons; sourceTree = "<group>"; };
		2751EFC92706E66900AE1D00 /* manifest.json */ = {isa = PBXFileReference; lastKnownFileType = text.json; name = manifest.json; path = ../../manifest.json; sourceTree = "<group>"; };
		2751EFCA2706E66900AE1D00 /* options.html */ = {isa = PBXFileReference; lastKnownFileType = text.html; name = options.html; path = ../../options.html; sourceTree = "<group>"; };
		2751EFCC2706E66900AE1D00 /* inject.js */ = {isa = PBXFileReference; lastKnownFileType = sourcecode.javascript; name = inject.js; path = ../../inject.js; sourceTree = "<group>"; };
		2751EFCD2706E66900AE1D00 /* popup.css */ = {isa = PBXFileReference; lastKnownFileType = text.css; name = popup.css; path = ../../popup.css; sourceTree = "<group>"; };
		2751EFCE2706E66900AE1D00 /* options.css */ = {isa = PBXFileReference; lastKnownFileType = text.css; name = options.css; path = ../../options.css; sourceTree = "<group>"; };
/* End PBXFileReference section */

/* Begin PBXFrameworksBuildPhase section */
		2751EF702706E66900AE1D00 /* Frameworks */ = {
			isa = PBXFrameworksBuildPhase;
			buildActionMask = 2147483647;
			files = (
			);
			runOnlyForDeploymentPostprocessing = 0;
		};
		2751EF822706E66900AE1D00 /* Frameworks */ = {
			isa = PBXFrameworksBuildPhase;
			buildActionMask = 2147483647;
			files = (
			);
			runOnlyForDeploymentPostprocessing = 0;
		};
		2751EF8F2706E66900AE1D00 /* Frameworks */ = {
			isa = PBXFrameworksBuildPhase;
			buildActionMask = 2147483647;
			files = (
			);
			runOnlyForDeploymentPostprocessing = 0;
		};
		2751EF992706E66900AE1D00 /* Frameworks */ = {
			isa = PBXFrameworksBuildPhase;
			buildActionMask = 2147483647;
			files = (
			);
			runOnlyForDeploymentPostprocessing = 0;
		};
/* End PBXFrameworksBuildPhase section */

/* Begin PBXGroup section */
		2751EF5F2706E66800AE1D00 = {
			isa = PBXGroup;
			children = (
				2751EF642706E66800AE1D00 /* Shared (App) */,
				2751EF6D2706E66900AE1D00 /* Shared (Extension) */,
				2751EF752706E66900AE1D00 /* iOS (App) */,
				2751EF862706E66900AE1D00 /* macOS (App) */,
				2751EF962706E66900AE1D00 /* iOS (Extension) */,
				2751EFA02706E66900AE1D00 /* macOS (Extension) */,
				2751EF742706E66900AE1D00 /* Products */,
			);
			sourceTree = "<group>";
		};
		2751EF642706E66800AE1D00 /* Shared (App) */ = {
			isa = PBXGroup;
			children = (
				2751EF6B2706E66800AE1D00 /* ViewController.swift */,
				2751EF6C2706E66900AE1D00 /* Assets.xcassets */,
				2751EF652706E66800AE1D00 /* Resources */,
			);
			path = "Shared (App)";
			sourceTree = "<group>";
		};
		2751EF652706E66800AE1D00 /* Resources */ = {
			isa = PBXGroup;
			children = (
				2751EF662706E66800AE1D00 /* Main.html */,
				2751EF682706E66800AE1D00 /* Icon.png */,
				2751EF692706E66800AE1D00 /* Style.css */,
				2751EF6A2706E66800AE1D00 /* Script.js */,
			);
			path = Resources;
			sourceTree = "<group>";
		};
		2751EF6D2706E66900AE1D00 /* Shared (Extension) */ = {
			isa = PBXGroup;
			children = (
				2751EFC02706E66900AE1D00 /* Resources */,
				2751EF6E2706E66900AE1D00 /* SafariWebExtensionHandler.swift */,
			);
			path = "Shared (Extension)";
			sourceTree = "<group>";
		};
		2751EF742706E66900AE1D00 /* Products */ = {
			isa = PBXGroup;
			children = (
				2751EF732706E66900AE1D00 /* Video Speed Controller.app */,
				2751EF852706E66900AE1D00 /* Video Speed Controller.app */,
				2751EF922706E66900AE1D00 /* Video Speed Controller Extension.appex */,
				2751EF9C2706E66900AE1D00 /* Video Speed Controller Extension.appex */,
			);
			name = Products;
			sourceTree = "<group>";
		};
		2751EF752706E66900AE1D00 /* iOS (App) */ = {
			isa = PBXGroup;
			children = (
				2751EF762706E66900AE1D00 /* AppDelegate.swift */,
				2751EF782706E66900AE1D00 /* SceneDelegate.swift */,
				2751EF7A2706E66900AE1D00 /* LaunchScreen.storyboard */,
				2751EF7D2706E66900AE1D00 /* Main.storyboard */,
				2751EF802706E66900AE1D00 /* Info.plist */,
			);
			path = "iOS (App)";
			sourceTree = "<group>";
		};
		2751EF862706E66900AE1D00 /* macOS (App) */ = {
			isa = PBXGroup;
			children = (
				2751EF872706E66900AE1D00 /* AppDelegate.swift */,
				2751EF892706E66900AE1D00 /* Main.storyboard */,
				2751EF8C2706E66900AE1D00 /* Info.plist */,
				2751EF8D2706E66900AE1D00 /* Video Speed Controller.entitlements */,
			);
			path = "macOS (App)";
			sourceTree = "<group>";
		};
		2751EF962706E66900AE1D00 /* iOS (Extension) */ = {
			isa = PBXGroup;
			children = (
				2751EF972706E66900AE1D00 /* Info.plist */,
			);
			path = "iOS (Extension)";
			sourceTree = "<group>";
		};
		2751EFA02706E66900AE1D00 /* macOS (Extension) */ = {
			isa = PBXGroup;
			children = (
				2751EFA12706E66900AE1D00 /* Info.plist */,
			);
			path = "macOS (Extension)";
			sourceTree = "<group>";
		};
		2751EFC02706E66900AE1D00 /* Resources */ = {
			isa = PBXGroup;
			children = (
				2751EFC12706E66900AE1D00 /* popup.js */,
				2751EFC22706E66900AE1D00 /* inject.css */,
				2751EFC32706E66900AE1D00 /* popup.html */,
				2751EFC42706E66900AE1D00 /* options.js */,
				2751EFC52706E66900AE1D00 /* README.md */,
				2751EFC62706E66900AE1D00 /* shadow.css */,
				2751EFC72706E66900AE1D00 /* CONTRIBUTING.md */,
				2751EFC82706E66900AE1D00 /* icons */,
				2751EFC92706E66900AE1D00 /* manifest.json */,
				2751EFCA2706E66900AE1D00 /* options.html */,
				2751EFCC2706E66900AE1D00 /* inject.js */,
				2751EFCD2706E66900AE1D00 /* popup.css */,
				2751EFCE2706E66900AE1D00 /* options.css */,
			);
			name = Resources;
			path = "Shared (Extension)";
			sourceTree = SOURCE_ROOT;
		};
/* End PBXGroup section */

/* Begin PBXNativeTarget section */
		2751EF722706E66900AE1D00 /* Video Speed Controller (iOS) */ = {
			isa = PBXNativeTarget;
			buildConfigurationList = 2751EFB62706E66900AE1D00 /* Build configuration list for PBXNativeTarget "Video Speed Controller (iOS)" */;
			buildPhases = (
				2751EF6F2706E66900AE1D00 /* Sources */,
				2751EF702706E66900AE1D00 /* Frameworks */,
				2751EF712706E66900AE1D00 /* Resources */,
				2751EFB52706E66900AE1D00 /* Embed App Extensions */,
			);
			buildRules = (
			);
			dependencies = (
				2751EF952706E66900AE1D00 /* PBXTargetDependency */,
			);
			name = "Video Speed Controller (iOS)";
			productName = "Video Speed Controller (iOS)";
			productReference = 2751EF732706E66900AE1D00 /* Video Speed Controller.app */;
			productType = "com.apple.product-type.application";
		};
		2751EF842706E66900AE1D00 /* Video Speed Controller (macOS) */ = {
			isa = PBXNativeTarget;
			buildConfigurationList = 2751EFBD2706E66900AE1D00 /* Build configuration list for PBXNativeTarget "Video Speed Controller (macOS)" */;
			buildPhases = (
				2751EF812706E66900AE1D00 /* Sources */,
				2751EF822706E66900AE1D00 /* Frameworks */,
				2751EF832706E66900AE1D00 /* Resources */,
				2751EFBC2706E66900AE1D00 /* Embed App Extensions */,
			);
			buildRules = (
			);
			dependencies = (
				2751EF9F2706E66900AE1D00 /* PBXTargetDependency */,
			);
			name = "Video Speed Controller (macOS)";
			productName = "Video Speed Controller (macOS)";
			productReference = 2751EF852706E66900AE1D00 /* Video Speed Controller.app */;
			productType = "com.apple.product-type.application";
		};
		2751EF912706E66900AE1D00 /* Video Speed Controller Extension (iOS) */ = {
			isa = PBXNativeTarget;
			buildConfigurationList = 2751EFB22706E66900AE1D00 /* Build configuration list for PBXNativeTarget "Video Speed Controller Extension (iOS)" */;
			buildPhases = (
				2751EF8E2706E66900AE1D00 /* Sources */,
				2751EF8F2706E66900AE1D00 /* Frameworks */,
				2751EF902706E66900AE1D00 /* Resources */,
			);
			buildRules = (
			);
			dependencies = (
			);
			name = "Video Speed Controller Extension (iOS)";
			productName = "Video Speed Controller Extension (iOS)";
			productReference = 2751EF922706E66900AE1D00 /* Video Speed Controller Extension.appex */;
			productType = "com.apple.product-type.app-extension";
		};
		2751EF9B2706E66900AE1D00 /* Video Speed Controller Extension (macOS) */ = {
			isa = PBXNativeTarget;
			buildConfigurationList = 2751EFB92706E66900AE1D00 /* Build configuration list for PBXNativeTarget "Video Speed Controller Extension (macOS)" */;
			buildPhases = (
				2751EF982706E66900AE1D00 /* Sources */,
				2751EF992706E66900AE1D00 /* Frameworks */,
				2751EF9A2706E66900AE1D00 /* Resources */,
			);
			buildRules = (
			);
			dependencies = (
			);
			name = "Video Speed Controller Extension (macOS)";
			productName = "Video Speed Controller Extension (macOS)";
			productReference = 2751EF9C2706E66900AE1D00 /* Video Speed Controller Extension.appex */;
			productType = "com.apple.product-type.app-extension";
		};
/* End PBXNativeTarget section */

/* Begin PBXProject section */
		2751EF602706E66800AE1D00 /* Project object */ = {
			isa = PBXProject;
			attributes = {
				BuildIndependentTargetsInParallel = 1;
				LastSwiftUpdateCheck = 1300;
				LastUpgradeCheck = 1300;
				TargetAttributes = {
					2751EF722706E66900AE1D00 = {
						CreatedOnToolsVersion = 13.0;
					};
					2751EF842706E66900AE1D00 = {
						CreatedOnToolsVersion = 13.0;
					};
					2751EF912706E66900AE1D00 = {
						CreatedOnToolsVersion = 13.0;
					};
					2751EF9B2706E66900AE1D00 = {
						CreatedOnToolsVersion = 13.0;
					};
				};
			};
			buildConfigurationList = 2751EF632706E66800AE1D00 /* Build configuration list for PBXProject "Video Speed Controller" */;
			compatibilityVersion = "Xcode 13.0";
			developmentRegion = en;
			hasScannedForEncodings = 0;
			knownRegions = (
				en,
				Base,
			);
			mainGroup = 2751EF5F2706E66800AE1D00;
			productRefGroup = 2751EF742706E66900AE1D00 /* Products */;
			projectDirPath = "";
			projectRoot = "";
			targets = (
				2751EF722706E66900AE1D00 /* Video Speed Controller (iOS) */,
				2751EF842706E66900AE1D00 /* Video Speed Controller (macOS) */,
				2751EF912706E66900AE1D00 /* Video Speed Controller Extension (iOS) */,
				2751EF9B2706E66900AE1D00 /* Video Speed Controller Extension (macOS) */,
			);
		};
/* End PBXProject section */

/* Begin PBXResourcesBuildPhase section */
		2751EF712706E66900AE1D00 /* Resources */ = {
			isa = PBXResourcesBuildPhase;
			buildActionMask = 2147483647;
			files = (
				2751EFA42706E66900AE1D00 /* Icon.png in Resources */,
				2751EF7C2706E66900AE1D00 /* LaunchScreen.storyboard in Resources */,
				2751EFA22706E66900AE1D00 /* Main.html in Resources */,
				2751EFA82706E66900AE1D00 /* Script.js in Resources */,
				2751EFAC2706E66900AE1D00 /* Assets.xcassets in Resources */,
				2751EF7F2706E66900AE1D00 /* Main.storyboard in Resources */,
				2751EFA62706E66900AE1D00 /* Style.css in Resources */,
			);
			runOnlyForDeploymentPostprocessing = 0;
		};
		2751EF832706E66900AE1D00 /* Resources */ = {
			isa = PBXResourcesBuildPhase;
			buildActionMask = 2147483647;
			files = (
				2751EFA52706E66900AE1D00 /* Icon.png in Resources */,
				2751EFA72706E66900AE1D00 /* Style.css in Resources */,
				2751EF8B2706E66900AE1D00 /* Main.storyboard in Resources */,
				2751EFA92706E66900AE1D00 /* Script.js in Resources */,
				2751EFAD2706E66900AE1D00 /* Assets.xcassets in Resources */,
				2751EFA32706E66900AE1D00 /* Main.html in Resources */,
			);
			runOnlyForDeploymentPostprocessing = 0;
		};
		2751EF902706E66900AE1D00 /* Resources */ = {
			isa = PBXResourcesBuildPhase;
			buildActionMask = 2147483647;
			files = (
				2751EFDE2706E66900AE1D00 /* inject.css in Resources */,
				2751EFE42706E66900AE1D00 /* icons in Resources */,
				2751EFE02706E66900AE1D00 /* options.js in Resources */,
				2751EFE12706E66900AE1D00 /* README.md in Resources */,
				2751EFEA2706E66900AE1D00 /* options.css in Resources */,
				2751EFE52706E66900AE1D00 /* manifest.json in Resources */,
				2751EFE82706E66900AE1D00 /* inject.js in Resources */,
				2751EFDF2706E66900AE1D00 /* popup.html in Resources */,
				2751EFE32706E66900AE1D00 /* CONTRIBUTING.md in Resources */,
				2751EFE62706E66900AE1D00 /* options.html in Resources */,
				2751EFDD2706E66900AE1D00 /* popup.js in Resources */,
				2751EFE22706E66900AE1D00 /* shadow.css in Resources */,
				2751EFE92706E66900AE1D00 /* popup.css in Resources */,
			);
			runOnlyForDeploymentPostprocessing = 0;
		};
		2751EF9A2706E66900AE1D00 /* Resources */ = {
			isa = PBXResourcesBuildPhase;
			buildActionMask = 2147483647;
			files = (
				2751EFD02706E66900AE1D00 /* inject.css in Resources */,
				2751EFD62706E66900AE1D00 /* icons in Resources */,
				2751EFD22706E66900AE1D00 /* options.js in Resources */,
				2751EFD32706E66900AE1D00 /* README.md in Resources */,
				2751EFDC2706E66900AE1D00 /* options.css in Resources */,
				2751EFD72706E66900AE1D00 /* manifest.json in Resources */,
				2751EFDA2706E66900AE1D00 /* inject.js in Resources */,
				2751EFD12706E66900AE1D00 /* popup.html in Resources */,
				2751EFD52706E66900AE1D00 /* CONTRIBUTING.md in Resources */,
				2751EFD82706E66900AE1D00 /* options.html in Resources */,
				2751EFCF2706E66900AE1D00 /* popup.js in Resources */,
				2751EFD42706E66900AE1D00 /* shadow.css in Resources */,
				2751EFDB2706E66900AE1D00 /* popup.css in Resources */,
			);
			runOnlyForDeploymentPostprocessing = 0;
		};
/* End PBXResourcesBuildPhase section */

/* Begin PBXSourcesBuildPhase section */
		2751EF6F2706E66900AE1D00 /* Sources */ = {
			isa = PBXSourcesBuildPhase;
			buildActionMask = 2147483647;
			files = (
				2751EFAA2706E66900AE1D00 /* ViewController.swift in Sources */,
				2751EF772706E66900AE1D00 /* AppDelegate.swift in Sources */,
				2751EF792706E66900AE1D00 /* SceneDelegate.swift in Sources */,
			);
			runOnlyForDeploymentPostprocessing = 0;
		};
		2751EF812706E66900AE1D00 /* Sources */ = {
			isa = PBXSourcesBuildPhase;
			buildActionMask = 2147483647;
			files = (
				2751EFAB2706E66900AE1D00 /* ViewController.swift in Sources */,
				2751EF882706E66900AE1D00 /* AppDelegate.swift in Sources */,
			);
			runOnlyForDeploymentPostprocessing = 0;
		};
		2751EF8E2706E66900AE1D00 /* Sources */ = {
			isa = PBXSourcesBuildPhase;
			buildActionMask = 2147483647;
			files = (
				2751EFAE2706E66900AE1D00 /* SafariWebExtensionHandler.swift in Sources */,
			);
			runOnlyForDeploymentPostprocessing = 0;
		};
		2751EF982706E66900AE1D00 /* Sources */ = {
			isa = PBXSourcesBuildPhase;
			buildActionMask = 2147483647;
			files = (
				2751EFAF2706E66900AE1D00 /* SafariWebExtensionHandler.swift in Sources */,
			);
			runOnlyForDeploymentPostprocessing = 0;
		};
/* End PBXSourcesBuildPhase section */

/* Begin PBXTargetDependency section */
		2751EF952706E66900AE1D00 /* PBXTargetDependency */ = {
			isa = PBXTargetDependency;
			target = 2751EF912706E66900AE1D00 /* Video Speed Controller Extension (iOS) */;
			targetProxy = 2751EF942706E66900AE1D00 /* PBXContainerItemProxy */;
		};
		2751EF9F2706E66900AE1D00 /* PBXTargetDependency */ = {
			isa = PBXTargetDependency;
			target = 2751EF9B2706E66900AE1D00 /* Video Speed Controller Extension (macOS) */;
			targetProxy = 2751EF9E2706E66900AE1D00 /* PBXContainerItemProxy */;
		};
/* End PBXTargetDependency section */

/* Begin PBXVariantGroup section */
		2751EF662706E66800AE1D00 /* Main.html */ = {
			isa = PBXVariantGroup;
			children = (
				2751EF672706E66800AE1D00 /* Base */,
			);
			name = Main.html;
			sourceTree = "<group>";
		};
		2751EF7A2706E66900AE1D00 /* LaunchScreen.storyboard */ = {
			isa = PBXVariantGroup;
			children = (
				2751EF7B2706E66900AE1D00 /* Base */,
			);
			name = LaunchScreen.storyboard;
			sourceTree = "<group>";
		};
		2751EF7D2706E66900AE1D00 /* Main.storyboard */ = {
			isa = PBXVariantGroup;
			children = (
				2751EF7E2706E66900AE1D00 /* Base */,
			);
			name = Main.storyboard;
			sourceTree = "<group>";
		};
		2751EF892706E66900AE1D00 /* Main.storyboard */ = {
			isa = PBXVariantGroup;
			children = (
				2751EF8A2706E66900AE1D00 /* Base */,
			);
			name = Main.storyboard;
			sourceTree = "<group>";
		};
/* End PBXVariantGroup section */

/* Begin XCBuildConfiguration section */
		2751EFB02706E66900AE1D00 /* Debug */ = {
			isa = XCBuildConfiguration;
			buildSettings = {
				ALWAYS_SEARCH_USER_PATHS = NO;
				CLANG_ANALYZER_NONNULL = YES;
				CLANG_ANALYZER_NUMBER_OBJECT_CONVERSION = YES_AGGRESSIVE;
				CLANG_CXX_LANGUAGE_STANDARD = "gnu++17";
				CLANG_CXX_LIBRARY = "libc++";
				CLANG_ENABLE_MODULES = YES;
				CLANG_ENABLE_OBJC_ARC = YES;
				CLANG_ENABLE_OBJC_WEAK = YES;
				CLANG_WARN_BLOCK_CAPTURE_AUTORELEASING = YES;
				CLANG_WARN_BOOL_CONVERSION = YES;
				CLANG_WARN_COMMA = YES;
				CLANG_WARN_CONSTANT_CONVERSION = YES;
				CLANG_WARN_DEPRECATED_OBJC_IMPLEMENTATIONS = YES;
				CLANG_WARN_DIRECT_OBJC_ISA_USAGE = YES_ERROR;
				CLANG_WARN_DOCUMENTATION_COMMENTS = YES;
				CLANG_WARN_EMPTY_BODY = YES;
				CLANG_WARN_ENUM_CONVERSION = YES;
				CLANG_WARN_INFINITE_RECURSION = YES;
				CLANG_WARN_INT_CONVERSION = YES;
				CLANG_WARN_NON_LITERAL_NULL_CONVERSION = YES;
				CLANG_WARN_OBJC_IMPLICIT_RETAIN_SELF = YES;
				CLANG_WARN_OBJC_LITERAL_CONVERSION = YES;
				CLANG_WARN_OBJC_ROOT_CLASS = YES_ERROR;
				CLANG_WARN_QUOTED_INCLUDE_IN_FRAMEWORK_HEADER = YES;
				CLANG_WARN_RANGE_LOOP_ANALYSIS = YES;
				CLANG_WARN_STRICT_PROTOTYPES = YES;
				CLANG_WARN_SUSPICIOUS_MOVE = YES;
				CLANG_WARN_UNGUARDED_AVAILABILITY = YES_AGGRESSIVE;
				CLANG_WARN_UNREACHABLE_CODE = YES;
				CLANG_WARN__DUPLICATE_METHOD_MATCH = YES;
				COPY_PHASE_STRIP = NO;
				DEBUG_INFORMATION_FORMAT = dwarf;
				ENABLE_STRICT_OBJC_MSGSEND = YES;
				ENABLE_TESTABILITY = YES;
				GCC_C_LANGUAGE_STANDARD = gnu11;
				GCC_DYNAMIC_NO_PIC = NO;
				GCC_NO_COMMON_BLOCKS = YES;
				GCC_OPTIMIZATION_LEVEL = 0;
				GCC_PREPROCESSOR_DEFINITIONS = (
					"DEBUG=1",
					"$(inherited)",
				);
				GCC_WARN_64_TO_32_BIT_CONVERSION = YES;
				GCC_WARN_ABOUT_RETURN_TYPE = YES_ERROR;
				GCC_WARN_UNDECLARED_SELECTOR = YES;
				GCC_WARN_UNINITIALIZED_AUTOS = YES_AGGRESSIVE;
				GCC_WARN_UNUSED_FUNCTION = YES;
				GCC_WARN_UNUSED_VARIABLE = YES;
				MTL_ENABLE_DEBUG_INFO = INCLUDE_SOURCE;
				MTL_FAST_MATH = YES;
				ONLY_ACTIVE_ARCH = YES;
				SWIFT_ACTIVE_COMPILATION_CONDITIONS = DEBUG;
				SWIFT_OPTIMIZATION_LEVEL = "-Onone";
			};
			name = Debug;
		};
		2751EFB12706E66900AE1D00 /* Release */ = {
			isa = XCBuildConfiguration;
			buildSettings = {
				ALWAYS_SEARCH_USER_PATHS = NO;
				CLANG_ANALYZER_NONNULL = YES;
				CLANG_ANALYZER_NUMBER_OBJECT_CONVERSION = YES_AGGRESSIVE;
				CLANG_CXX_LANGUAGE_STANDARD = "gnu++17";
				CLANG_CXX_LIBRARY = "libc++";
				CLANG_ENABLE_MODULES = YES;
				CLANG_ENABLE_OBJC_ARC = YES;
				CLANG_ENABLE_OBJC_WEAK = YES;
				CLANG_WARN_BLOCK_CAPTURE_AUTORELEASING = YES;
				CLANG_WARN_BOOL_CONVERSION = YES;
				CLANG_WARN_COMMA = YES;
				CLANG_WARN_CONSTANT_CONVERSION = YES;
				CLANG_WARN_DEPRECATED_OBJC_IMPLEMENTATIONS = YES;
				CLANG_WARN_DIRECT_OBJC_ISA_USAGE = YES_ERROR;
				CLANG_WARN_DOCUMENTATION_COMMENTS = YES;
				CLANG_WARN_EMPTY_BODY = YES;
				CLANG_WARN_ENUM_CONVERSION = YES;
				CLANG_WARN_INFINITE_RECURSION = YES;
				CLANG_WARN_INT_CONVERSION = YES;
				CLANG_WARN_NON_LITERAL_NULL_CONVERSION = YES;
				CLANG_WARN_OBJC_IMPLICIT_RETAIN_SELF = YES;
				CLANG_WARN_OBJC_LITERAL_CONVERSION = YES;
				CLANG_WARN_OBJC_ROOT_CLASS = YES_ERROR;
				CLANG_WARN_QUOTED_INCLUDE_IN_FRAMEWORK_HEADER = YES;
				CLANG_WARN_RANGE_LOOP_ANALYSIS = YES;
				CLANG_WARN_STRICT_PROTOTYPES = YES;
				CLANG_WARN_SUSPICIOUS_MOVE = YES;
				CLANG_WARN_UNGUARDED_AVAILABILITY = YES_AGGRESSIVE;
				CLANG_WARN_UNREACHABLE_CODE = YES;
				CLANG_WARN__DUPLICATE_METHOD_MATCH = YES;
				COPY_PHASE_STRIP = NO;
				DEBUG_INFORMATION_FORMAT = "dwarf-with-dsym";
				ENABLE_NS_ASSERTIONS = NO;
				ENABLE_STRICT_OBJC_MSGSEND = YES;
				GCC_C_LANGUAGE_STANDARD = gnu11;
				GCC_NO_COMMON_BLOCKS = YES;
				GCC_WARN_64_TO_32_BIT_CONVERSION = YES;
				GCC_WARN_ABOUT_RETURN_TYPE = YES_ERROR;
				GCC_WARN_UNDECLARED_SELECTOR = YES;
				GCC_WARN_UNINITIALIZED_AUTOS = YES_AGGRESSIVE;
				GCC_WARN_UNUSED_FUNCTION = YES;
				GCC_WARN_UNUSED_VARIABLE = YES;
				MTL_ENABLE_DEBUG_INFO = NO;
				MTL_FAST_MATH = YES;
				SWIFT_COMPILATION_MODE = wholemodule;
				SWIFT_OPTIMIZATION_LEVEL = "-O";
			};
			name = Release;
		};
		2751EFB32706E66900AE1D00 /* Debug */ = {
			isa = XCBuildConfiguration;
			buildSettings = {
				CODE_SIGN_STYLE = Automatic;
				CURRENT_PROJECT_VERSION = 1;
				DEVELOPMENT_TEAM = VB7MJ8R223;
				GENERATE_INFOPLIST_FILE = YES;
				INFOPLIST_FILE = "iOS (Extension)/Info.plist";
				INFOPLIST_KEY_CFBundleDisplayName = "Video Speed Controller Extension";
				INFOPLIST_KEY_NSHumanReadableCopyright = "";
				IPHONEOS_DEPLOYMENT_TARGET = 15.0;
				LD_RUNPATH_SEARCH_PATHS = (
					"$(inherited)",
					"@executable_path/Frameworks",
					"@executable_path/../../Frameworks",
				);
				MARKETING_VERSION = 1.0;
				OTHER_LDFLAGS = (
					"-framework",
					SafariServices,
				);
				PRODUCT_BUNDLE_IDENTIFIER = "com.github.Video-Speed-Controller.Extension";
				PRODUCT_NAME = "Video Speed Controller Extension";
				SDKROOT = iphoneos;
				SKIP_INSTALL = YES;
				SWIFT_EMIT_LOC_STRINGS = YES;
				SWIFT_VERSION = 5.0;
				TARGETED_DEVICE_FAMILY = "1,2";
			};
			name = Debug;
		};
		2751EFB42706E66900AE1D00 /* Release */ = {
			isa = XCBuildConfiguration;
			buildSettings = {
				CODE_SIGN_STYLE = Automatic;
				CURRENT_PROJECT_VERSION = 1;
				DEVELOPMENT_TEAM = VB7MJ8R223;
				GENERATE_INFOPLIST_FILE = YES;
				INFOPLIST_FILE = "iOS (Extension)/Info.plist";
				INFOPLIST_KEY_CFBundleDisplayName = "Video Speed Controller Extension";
				INFOPLIST_KEY_NSHumanReadableCopyright = "";
				IPHONEOS_DEPLOYMENT_TARGET = 15.0;
				LD_RUNPATH_SEARCH_PATHS = (
					"$(inherited)",
					"@executable_path/Frameworks",
					"@executable_path/../../Frameworks",
				);
				MARKETING_VERSION = 1.0;
				OTHER_LDFLAGS = (
					"-framework",
					SafariServices,
				);
				PRODUCT_BUNDLE_IDENTIFIER = "com.github.Video-Speed-Controller.Extension";
				PRODUCT_NAME = "Video Speed Controller Extension";
				SDKROOT = iphoneos;
				SKIP_INSTALL = YES;
				SWIFT_EMIT_LOC_STRINGS = YES;
				SWIFT_VERSION = 5.0;
				TARGETED_DEVICE_FAMILY = "1,2";
				VALIDATE_PRODUCT = YES;
			};
			name = Release;
		};
		2751EFB72706E66900AE1D00 /* Debug */ = {
			isa = XCBuildConfiguration;
			buildSettings = {
				ALWAYS_EMBED_SWIFT_STANDARD_LIBRARIES = YES;
				ASSETCATALOG_COMPILER_APPICON_NAME = AppIcon;
				ASSETCATALOG_COMPILER_GLOBAL_ACCENT_COLOR_NAME = AccentColor;
				CODE_SIGN_STYLE = Automatic;
				CURRENT_PROJECT_VERSION = 1;
				DEVELOPMENT_TEAM = VB7MJ8R223;
				GENERATE_INFOPLIST_FILE = YES;
				INFOPLIST_FILE = "iOS (App)/Info.plist";
				INFOPLIST_KEY_CFBundleDisplayName = "Video Speed Controller";
				INFOPLIST_KEY_UIApplicationSupportsIndirectInputEvents = YES;
				INFOPLIST_KEY_UILaunchStoryboardName = LaunchScreen;
				INFOPLIST_KEY_UIMainStoryboardFile = Main;
				INFOPLIST_KEY_UISupportedInterfaceOrientations = "UIInterfaceOrientationPortrait UIInterfaceOrientationLandscapeLeft UIInterfaceOrientationLandscapeRight";
				INFOPLIST_KEY_UISupportedInterfaceOrientations_iPad = "UIInterfaceOrientationPortrait UIInterfaceOrientationPortraitUpsideDown UIInterfaceOrientationLandscapeLeft UIInterfaceOrientationLandscapeRight";
				IPHONEOS_DEPLOYMENT_TARGET = 15.0;
				LD_RUNPATH_SEARCH_PATHS = (
					"$(inherited)",
					"@executable_path/Frameworks",
				);
				MARKETING_VERSION = 1.0;
				OTHER_LDFLAGS = (
					"-framework",
					SafariServices,
					"-framework",
					WebKit,
				);
				PRODUCT_BUNDLE_IDENTIFIER = "com.github.Video-Speed-Controller";
				PRODUCT_NAME = "Video Speed Controller";
				SDKROOT = iphoneos;
				SWIFT_EMIT_LOC_STRINGS = YES;
				SWIFT_VERSION = 5.0;
				TARGETED_DEVICE_FAMILY = "1,2";
			};
			name = Debug;
		};
		2751EFB82706E66900AE1D00 /* Release */ = {
			isa = XCBuildConfiguration;
			buildSettings = {
				ALWAYS_EMBED_SWIFT_STANDARD_LIBRARIES = YES;
				ASSETCATALOG_COMPILER_APPICON_NAME = AppIcon;
				ASSETCATALOG_COMPILER_GLOBAL_ACCENT_COLOR_NAME = AccentColor;
				CODE_SIGN_STYLE = Automatic;
				CURRENT_PROJECT_VERSION = 1;
				DEVELOPMENT_TEAM = VB7MJ8R223;
				GENERATE_INFOPLIST_FILE = YES;
				INFOPLIST_FILE = "iOS (App)/Info.plist";
				INFOPLIST_KEY_CFBundleDisplayName = "Video Speed Controller";
				INFOPLIST_KEY_UIApplicationSupportsIndirectInputEvents = YES;
				INFOPLIST_KEY_UILaunchStoryboardName = LaunchScreen;
				INFOPLIST_KEY_UIMainStoryboardFile = Main;
				INFOPLIST_KEY_UISupportedInterfaceOrientations = "UIInterfaceOrientationPortrait UIInterfaceOrientationLandscapeLeft UIInterfaceOrientationLandscapeRight";
				INFOPLIST_KEY_UISupportedInterfaceOrientations_iPad = "UIInterfaceOrientationPortrait UIInterfaceOrientationPortraitUpsideDown UIInterfaceOrientationLandscapeLeft UIInterfaceOrientationLandscapeRight";
				IPHONEOS_DEPLOYMENT_TARGET = 15.0;
				LD_RUNPATH_SEARCH_PATHS = (
					"$(inherited)",
					"@executable_path/Frameworks",
				);
				MARKETING_VERSION = 1.0;
				OTHER_LDFLAGS = (
					"-framework",
					SafariServices,
					"-framework",
					WebKit,
				);
				PRODUCT_BUNDLE_IDENTIFIER = "com.github.Video-Speed-Controller";
				PRODUCT_NAME = "Video Speed Controller";
				SDKROOT = iphoneos;
				SWIFT_EMIT_LOC_STRINGS = YES;
				SWIFT_VERSION = 5.0;
				TARGETED_DEVICE_FAMILY = "1,2";
				VALIDATE_PRODUCT = YES;
			};
			name = Release;
		};
		2751EFBA2706E66900AE1D00 /* Debug */ = {
			isa = XCBuildConfiguration;
			buildSettings = {
				CODE_SIGN_STYLE = Automatic;
				CURRENT_PROJECT_VERSION = 1;
				DEVELOPMENT_TEAM = VB7MJ8R223;
				ENABLE_APP_SANDBOX = YES;
				ENABLE_HARDENED_RUNTIME = YES;
				ENABLE_USER_SELECTED_FILES = readonly;
				GENERATE_INFOPLIST_FILE = YES;
				INFOPLIST_FILE = "macOS (Extension)/Info.plist";
				INFOPLIST_KEY_CFBundleDisplayName = "Video Speed Controller Extension";
				INFOPLIST_KEY_NSHumanReadableCopyright = "";
				LD_RUNPATH_SEARCH_PATHS = (
					"$(inherited)",
					"@executable_path/../Frameworks",
					"@executable_path/../../../../Frameworks",
				);
				MACOSX_DEPLOYMENT_TARGET = 10.14;
				MARKETING_VERSION = 1.0;
				OTHER_LDFLAGS = (
					"-framework",
					SafariServices,
				);
				PRODUCT_BUNDLE_IDENTIFIER = "com.github.Video-Speed-Controller.Extension";
				PRODUCT_NAME = "Video Speed Controller Extension";
				SDKROOT = macosx;
				SKIP_INSTALL = YES;
				SWIFT_EMIT_LOC_STRINGS = YES;
				SWIFT_VERSION = 5.0;
			};
			name = Debug;
		};
		2751EFBB2706E66900AE1D00 /* Release */ = {
			isa = XCBuildConfiguration;
			buildSettings = {
				CODE_SIGN_STYLE = Automatic;
				CURRENT_PROJECT_VERSION = 1;
				DEVELOPMENT_TEAM = VB7MJ8R223;
				ENABLE_APP_SANDBOX = YES;
				ENABLE_HARDENED_RUNTIME = YES;
				ENABLE_USER_SELECTED_FILES = readonly;
				GENERATE_INFOPLIST_FILE = YES;
				INFOPLIST_FILE = "macOS (Extension)/Info.plist";
				INFOPLIST_KEY_CFBundleDisplayName = "Video Speed Controller Extension";
				INFOPLIST_KEY_NSHumanReadableCopyright = "";
				LD_RUNPATH_SEARCH_PATHS = (
					"$(inherited)",
					"@executable_path/../Frameworks",
					"@executable_path/../../../../Frameworks",
				);
				MACOSX_DEPLOYMENT_TARGET = 10.14;
				MARKETING_VERSION = 1.0;
				OTHER_LDFLAGS = (
					"-framework",
					SafariServices,
				);
				PRODUCT_BUNDLE_IDENTIFIER = "com.github.Video-Speed-Controller.Extension";
				PRODUCT_NAME = "Video Speed Controller Extension";
				SDKROOT = macosx;
				SKIP_INSTALL = YES;
				SWIFT_EMIT_LOC_STRINGS = YES;
				SWIFT_VERSION = 5.0;
			};
			name = Release;
		};
		2751EFBE2706E66900AE1D00 /* Debug */ = {
			isa = XCBuildConfiguration;
			buildSettings = {
				ALWAYS_EMBED_SWIFT_STANDARD_LIBRARIES = YES;
				ASSETCATALOG_COMPILER_APPICON_NAME = AppIcon;
				ASSETCATALOG_COMPILER_GLOBAL_ACCENT_COLOR_NAME = AccentColor;
				CODE_SIGN_ENTITLEMENTS = "macOS (App)/Video Speed Controller.entitlements";
				CODE_SIGN_STYLE = Automatic;
				CURRENT_PROJECT_VERSION = 1;
				DEVELOPMENT_TEAM = VB7MJ8R223;
				ENABLE_APP_SANDBOX = YES;
				ENABLE_HARDENED_RUNTIME = YES;
				ENABLE_USER_SELECTED_FILES = readonly;
				GENERATE_INFOPLIST_FILE = YES;
				INFOPLIST_FILE = "macOS (App)/Info.plist";
				INFOPLIST_KEY_CFBundleDisplayName = "Video Speed Controller";
				INFOPLIST_KEY_NSMainStoryboardFile = Main;
				INFOPLIST_KEY_NSPrincipalClass = NSApplication;
				LD_RUNPATH_SEARCH_PATHS = (
					"$(inherited)",
					"@executable_path/../Frameworks",
				);
				MACOSX_DEPLOYMENT_TARGET = 10.14;
				MARKETING_VERSION = 1.0;
				OTHER_LDFLAGS = (
					"-framework",
					SafariServices,
					"-framework",
					WebKit,
				);
				PRODUCT_BUNDLE_IDENTIFIER = "com.github.Video-Speed-Controller";
				PRODUCT_NAME = "Video Speed Controller";
				SDKROOT = macosx;
				SWIFT_EMIT_LOC_STRINGS = YES;
				SWIFT_VERSION = 5.0;
			};
			name = Debug;
		};
		2751EFBF2706E66900AE1D00 /* Release */ = {
			isa = XCBuildConfiguration;
			buildSettings = {
				ALWAYS_EMBED_SWIFT_STANDARD_LIBRARIES = YES;
				ASSETCATALOG_COMPILER_APPICON_NAME = AppIcon;
				ASSETCATALOG_COMPILER_GLOBAL_ACCENT_COLOR_NAME = AccentColor;
				CODE_SIGN_ENTITLEMENTS = "macOS (App)/Video Speed Controller.entitlements";
				CODE_SIGN_STYLE = Automatic;
				CURRENT_PROJECT_VERSION = 1;
				DEVELOPMENT_TEAM = VB7MJ8R223;
				ENABLE_APP_SANDBOX = YES;
				ENABLE_HARDENED_RUNTIME = YES;
				ENABLE_USER_SELECTED_FILES = readonly;
				GENERATE_INFOPLIST_FILE = YES;
				INFOPLIST_FILE = "macOS (App)/Info.plist";
				INFOPLIST_KEY_CFBundleDisplayName = "Video Speed Controller";
				INFOPLIST_KEY_NSMainStoryboardFile = Main;
				INFOPLIST_KEY_NSPrincipalClass = NSApplication;
				LD_RUNPATH_SEARCH_PATHS = (
					"$(inherited)",
					"@executable_path/../Frameworks",
				);
				MACOSX_DEPLOYMENT_TARGET = 10.14;
				MARKETING_VERSION = 1.0;
				OTHER_LDFLAGS = (
					"-framework",
					SafariServices,
					"-framework",
					WebKit,
				);
				PRODUCT_BUNDLE_IDENTIFIER = "com.github.Video-Speed-Controller";
				PRODUCT_NAME = "Video Speed Controller";
				SDKROOT = macosx;
				SWIFT_EMIT_LOC_STRINGS = YES;
				SWIFT_VERSION = 5.0;
			};
			name = Release;
		};
/* End XCBuildConfiguration section */

/* Begin XCConfigurationList section */
		2751EF632706E66800AE1D00 /* Build configuration list for PBXProject "Video Speed Controller" */ = {
			isa = XCConfigurationList;
			buildConfigurations = (
				2751EFB02706E66900AE1D00 /* Debug */,
				2751EFB12706E66900AE1D00 /* Release */,
			);
			defaultConfigurationIsVisible = 0;
			defaultConfigurationName = Release;
		};
		2751EFB22706E66900AE1D00 /* Build configuration list for PBXNativeTarget "Video Speed Controller Extension (iOS)" */ = {
			isa = XCConfigurationList;
			buildConfigurations = (
				2751EFB32706E66900AE1D00 /* Debug */,
				2751EFB42706E66900AE1D00 /* Release */,
			);
			defaultConfigurationIsVisible = 0;
			defaultConfigurationName = Release;
		};
		2751EFB62706E66900AE1D00 /* Build configuration list for PBXNativeTarget "Video Speed Controller (iOS)" */ = {
			isa = XCConfigurationList;
			buildConfigurations = (
				2751EFB72706E66900AE1D00 /* Debug */,
				2751EFB82706E66900AE1D00 /* Release */,
			);
			defaultConfigurationIsVisible = 0;
			defaultConfigurationName = Release;
		};
		2751EFB92706E66900AE1D00 /* Build configuration list for PBXNativeTarget "Video Speed Controller Extension (macOS)" */ = {
			isa = XCConfigurationList;
			buildConfigurations = (
				2751EFBA2706E66900AE1D00 /* Debug */,
				2751EFBB2706E66900AE1D00 /* Release */,
			);
			defaultConfigurationIsVisible = 0;
			defaultConfigurationName = Release;
		};
		2751EFBD2706E66900AE1D00 /* Build configuration list for PBXNativeTarget "Video Speed Controller (macOS)" */ = {
			isa = XCConfigurationList;
			buildConfigurations = (
				2751EFBE2706E66900AE1D00 /* Debug */,
				2751EFBF2706E66900AE1D00 /* Release */,
			);
			defaultConfigurationIsVisible = 0;
			defaultConfigurationName = Release;
		};
/* End XCConfigurationList section */
	};
	rootObject = 2751EF602706E66800AE1D00 /* Project object */;
}
